// !$*UTF8*$!
{
	archiveVersion = 1;
	classes = {
	};
	objectVersion = 55;
	objects = {

/* Begin PBXBuildFile section */
		3C1A2DD027E482380016B40E /* AppDelegate.swift in Sources */ = {isa = PBXBuildFile; fileRef = 3C1A2DCF27E482380016B40E /* AppDelegate.swift */; };
		3C1A2DD227E482380016B40E /* SceneDelegate.swift in Sources */ = {isa = PBXBuildFile; fileRef = 3C1A2DD127E482380016B40E /* SceneDelegate.swift */; };
		3C1A2DD427E482380016B40E /* ViewController.swift in Sources */ = {isa = PBXBuildFile; fileRef = 3C1A2DD327E482380016B40E /* ViewController.swift */; };
		3C1A2DD727E482380016B40E /* Main.storyboard in Resources */ = {isa = PBXBuildFile; fileRef = 3C1A2DD527E482380016B40E /* Main.storyboard */; };
		3C1A2DD927E4823E0016B40E /* Assets.xcassets in Resources */ = {isa = PBXBuildFile; fileRef = 3C1A2DD827E4823E0016B40E /* Assets.xcassets */; };
		3C1A2DDC27E4823E0016B40E /* LaunchScreen.storyboard in Resources */ = {isa = PBXBuildFile; fileRef = 3C1A2DDA27E4823E0016B40E /* LaunchScreen.storyboard */; };
		3C1A2DE527E484490016B40E /* Realm in Frameworks */ = {isa = PBXBuildFile; productRef = 3C1A2DE427E484490016B40E /* Realm */; };
		3C1A2DE727E484490016B40E /* RealmSwift in Frameworks */ = {isa = PBXBuildFile; productRef = 3C1A2DE627E484490016B40E /* RealmSwift */; };
/* End PBXBuildFile section */

/* Begin PBXFileReference section */
		3C1A2DCC27E482380016B40E /* NotionTest.app */ = {isa = PBXFileReference; explicitFileType = wrapper.application; includeInIndex = 0; path = NotionTest.app; sourceTree = BUILT_PRODUCTS_DIR; };
		3C1A2DCF27E482380016B40E /* AppDelegate.swift */ = {isa = PBXFileReference; lastKnownFileType = sourcecode.swift; path = AppDelegate.swift; sourceTree = "<group>"; };
		3C1A2DD127E482380016B40E /* SceneDelegate.swift */ = {isa = PBXFileReference; lastKnownFileType = sourcecode.swift; path = SceneDelegate.swift; sourceTree = "<group>"; };
		3C1A2DD327E482380016B40E /* ViewController.swift */ = {isa = PBXFileReference; lastKnownFileType = sourcecode.swift; path = ViewController.swift; sourceTree = "<group>"; };
		3C1A2DD627E482380016B40E /* Base */ = {isa = PBXFileReference; lastKnownFileType = file.storyboard; name = Base; path = Base.lproj/Main.storyboard; sourceTree = "<group>"; };
		3C1A2DD827E4823E0016B40E /* Assets.xcassets */ = {isa = PBXFileReference; lastKnownFileType = folder.assetcatalog; path = Assets.xcassets; sourceTree = "<group>"; };
		3C1A2DDB27E4823E0016B40E /* Base */ = {isa = PBXFileReference; lastKnownFileType = file.storyboard; name = Base; path = Base.lproj/LaunchScreen.storyboard; sourceTree = "<group>"; };
		3C1A2DDD27E4823E0016B40E /* Info.plist */ = {isa = PBXFileReference; lastKnownFileType = text.plist.xml; path = Info.plist; sourceTree = "<group>"; };
/* End PBXFileReference section */

/* Begin PBXFrameworksBuildPhase section */
		3C1A2DC927E482380016B40E /* Frameworks */ = {
			isa = PBXFrameworksBuildPhase;
			buildActionMask = 2147483647;
			files = (
				3C1A2DE727E484490016B40E /* RealmSwift in Frameworks */,
				3C1A2DE527E484490016B40E /* Realm in Frameworks */,
			);
			runOnlyForDeploymentPostprocessing = 0;
		};
/* End PBXFrameworksBuildPhase section */

/* Begin PBXGroup section */
		3C1A2DC327E482380016B40E = {
			isa = PBXGroup;
			children = (
				3C1A2DCE27E482380016B40E /* NotionTest */,
				3C1A2DCD27E482380016B40E /* Products */,
			);
			sourceTree = "<group>";
		};
		3C1A2DCD27E482380016B40E /* Products */ = {
			isa = PBXGroup;
			children = (
				3C1A2DCC27E482380016B40E /* NotionTest.app */,
			);
			name = Products;
			sourceTree = "<group>";
		};
		3C1A2DCE27E482380016B40E /* NotionTest */ = {
			isa = PBXGroup;
			children = (
				3C1A2DCF27E482380016B40E /* AppDelegate.swift */,
				3C1A2DD127E482380016B40E /* SceneDelegate.swift */,
				3C1A2DD327E482380016B40E /* ViewController.swift */,
				3C1A2DD527E482380016B40E /* Main.storyboard */,
				3C1A2DD827E4823E0016B40E /* Assets.xcassets */,
				3C1A2DDA27E4823E0016B40E /* LaunchScreen.storyboard */,
				3C1A2DDD27E4823E0016B40E /* Info.plist */,
			);
			path = NotionTest;
			sourceTree = "<group>";
		};
/* End PBXGroup section */

/* Begin PBXNativeTarget section */
		3C1A2DCB27E482380016B40E /* NotionTest */ = {
			isa = PBXNativeTarget;
			buildConfigurationList = 3C1A2DE027E4823E0016B40E /* Build configuration list for PBXNativeTarget "NotionTest" */;
			buildPhases = (
				3C1A2DC827E482380016B40E /* Sources */,
				3C1A2DC927E482380016B40E /* Frameworks */,
				3C1A2DCA27E482380016B40E /* Resources */,
			);
			buildRules = (
			);
			dependencies = (
			);
			name = NotionTest;
			packageProductDependencies = (
				3C1A2DE427E484490016B40E /* Realm */,
				3C1A2DE627E484490016B40E /* RealmSwift */,
			);
			productName = NotionTest;
			productReference = 3C1A2DCC27E482380016B40E /* NotionTest.app */;
			productType = "com.apple.product-type.application";
		};
/* End PBXNativeTarget section */

/* Begin PBXProject section */
		3C1A2DC427E482380016B40E /* Project object */ = {
			isa = PBXProject;
			attributes = {
				BuildIndependentTargetsInParallel = 1;
				LastSwiftUpdateCheck = 1330;
				LastUpgradeCheck = 1330;
				TargetAttributes = {
					3C1A2DCB27E482380016B40E = {
						CreatedOnToolsVersion = 13.3;
					};
				};
			};
			buildConfigurationList = 3C1A2DC727E482380016B40E /* Build configuration list for PBXProject "NotionTest" */;
			compatibilityVersion = "Xcode 13.0";
			developmentRegion = en;
			hasScannedForEncodings = 0;
			knownRegions = (
				en,
				Base,
			);
			mainGroup = 3C1A2DC327E482380016B40E;
			packageReferences = (
				3C1A2DE327E484490016B40E /* XCRemoteSwiftPackageReference "realm-cocoa" */,
			);
			productRefGroup = 3C1A2DCD27E482380016B40E /* Products */;
			projectDirPath = "";
			projectRoot = "";
			targets = (
				3C1A2DCB27E482380016B40E /* NotionTest */,
			);
		};
/* End PBXProject section */

/* Begin PBXResourcesBuildPhase section */
		3C1A2DCA27E482380016B40E /* Resources */ = {
			isa = PBXResourcesBuildPhase;
			buildActionMask = 2147483647;
			files = (
				3C1A2DDC27E4823E0016B40E /* LaunchScreen.storyboard in Resources */,
				3C1A2DD927E4823E0016B40E /* Assets.xcassets in Resources */,
				3C1A2DD727E482380016B40E /* Main.storyboard in Resources */,
			);
			runOnlyForDeploymentPostprocessing = 0;
		};
/* End PBXResourcesBuildPhase section */

/* Begin PBXSourcesBuildPhase section */
		3C1A2DC827E482380016B40E /* Sources */ = {
			isa = PBXSourcesBuildPhase;
			buildActionMask = 2147483647;
			files = (
				3C1A2DD427E482380016B40E /* ViewController.swift in Sources */,
				3C1A2DD027E482380016B40E /* AppDelegate.swift in Sources */,
				3C1A2DD227E482380016B40E /* SceneDelegate.swift in Sources */,
			);
			runOnlyForDeploymentPostprocessing = 0;
		};
/* End PBXSourcesBuildPhase section */

/* Begin PBXVariantGroup section */
		3C1A2DD527E482380016B40E /* Main.storyboard */ = {
			isa = PBXVariantGroup;
			children = (
				3C1A2DD627E482380016B40E /* Base */,
			);
			name = Main.storyboard;
			sourceTree = "<group>";
		};
		3C1A2DDA27E4823E0016B40E /* LaunchScreen.storyboard */ = {
			isa = PBXVariantGroup;
			children = (
				3C1A2DDB27E4823E0016B40E /* Base */,
			);
			name = LaunchScreen.storyboard;
			sourceTree = "<group>";
		};
/* End PBXVariantGroup section */

/* Begin XCBuildConfiguration section */
		3C1A2DDE27E4823E0016B40E /* Debug */ = {
			isa = XCBuildConfiguration;
			buildSettings = {
				ALWAYS_SEARCH_USER_PATHS = NO;
				CLANG_ANALYZER_NONNULL = YES;
				CLANG_ANALYZER_NUMBER_OBJECT_CONVERSION = YES_AGGRESSIVE;
				CLANG_CXX_LANGUAGE_STANDARD = "gnu++17";
				CLANG_ENABLE_MODULES = YES;
				CLANG_ENABLE_OBJC_ARC = YES;
				CLANG_ENABLE_OBJC_WEAK = YES;
				CLANG_WARN_BLOCK_CAPTURE_AUTORELEASING = YES;
				CLANG_WARN_BOOL_CONVERSION = YES;
				CLANG_WARN_COMMA = YES;
				CLANG_WARN_CONSTANT_CONVERSION = YES;
				CLANG_WARN_DEPRECATED_OBJC_IMPLEMENTATIONS = YES;
				CLANG_WARN_DIRECT_OBJC_ISA_USAGE = YES_ERROR;
				CLANG_WARN_DOCUMENTATION_COMMENTS = YES;
				CLANG_WARN_EMPTY_BODY = YES;
				CLANG_WARN_ENUM_CONVERSION = YES;
				CLANG_WARN_INFINITE_RECURSION = YES;
				CLANG_WARN_INT_CONVERSION = YES;
				CLANG_WARN_NON_LITERAL_NULL_CONVERSION = YES;
				CLANG_WARN_OBJC_IMPLICIT_RETAIN_SELF = YES;
				CLANG_WARN_OBJC_LITERAL_CONVERSION = YES;
				CLANG_WARN_OBJC_ROOT_CLASS = YES_ERROR;
				CLANG_WARN_QUOTED_INCLUDE_IN_FRAMEWORK_HEADER = YES;
				CLANG_WARN_RANGE_LOOP_ANALYSIS = YES;
				CLANG_WARN_STRICT_PROTOTYPES = YES;
				CLANG_WARN_SUSPICIOUS_MOVE = YES;
				CLANG_WARN_UNGUARDED_AVAILABILITY = YES_AGGRESSIVE;
				CLANG_WARN_UNREACHABLE_CODE = YES;
				CLANG_WARN__DUPLICATE_METHOD_MATCH = YES;
				COPY_PHASE_STRIP = NO;
				DEBUG_INFORMATION_FORMAT = dwarf;
				ENABLE_STRICT_OBJC_MSGSEND = YES;
				ENABLE_TESTABILITY = YES;
				GCC_C_LANGUAGE_STANDARD = gnu11;
				GCC_DYNAMIC_NO_PIC = NO;
				GCC_NO_COMMON_BLOCKS = YES;
				GCC_OPTIMIZATION_LEVEL = 0;
				GCC_PREPROCESSOR_DEFINITIONS = (
					"DEBUG=1",
					"$(inherited)",
				);
				GCC_WARN_64_TO_32_BIT_CONVERSION = YES;
				GCC_WARN_ABOUT_RETURN_TYPE = YES_ERROR;
				GCC_WARN_UNDECLARED_SELECTOR = YES;
				GCC_WARN_UNINITIALIZED_AUTOS = YES_AGGRESSIVE;
				GCC_WARN_UNUSED_FUNCTION = YES;
				GCC_WARN_UNUSED_VARIABLE = YES;
				IPHONEOS_DEPLOYMENT_TARGET = 15.4;
				MTL_ENABLE_DEBUG_INFO = INCLUDE_SOURCE;
				MTL_FAST_MATH = YES;
				ONLY_ACTIVE_ARCH = YES;
				SDKROOT = iphoneos;
				SWIFT_ACTIVE_COMPILATION_CONDITIONS = DEBUG;
				SWIFT_OPTIMIZATION_LEVEL = "-Onone";
			};
			name = Debug;
		};
		3C1A2DDF27E4823E0016B40E /* Release */ = {
			isa = XCBuildConfiguration;
			buildSettings = {
				ALWAYS_SEARCH_USER_PATHS = NO;
				CLANG_ANALYZER_NONNULL = YES;
				CLANG_ANALYZER_NUMBER_OBJECT_CONVERSION = YES_AGGRESSIVE;
				CLANG_CXX_LANGUAGE_STANDARD = "gnu++17";
				CLANG_ENABLE_MODULES = YES;
				CLANG_ENABLE_OBJC_ARC = YES;
				CLANG_ENABLE_OBJC_WEAK = YES;
				CLANG_WARN_BLOCK_CAPTURE_AUTORELEASING = YES;
				CLANG_WARN_BOOL_CONVERSION = YES;
				CLANG_WARN_COMMA = YES;
				CLANG_WARN_CONSTANT_CONVERSION = YES;
				CLANG_WARN_DEPRECATED_OBJC_IMPLEMENTATIONS = YES;
				CLANG_WARN_DIRECT_OBJC_ISA_USAGE = YES_ERROR;
				CLANG_WARN_DOCUMENTATION_COMMENTS = YES;
				CLANG_WARN_EMPTY_BODY = YES;
				CLANG_WARN_ENUM_CONVERSION = YES;
				CLANG_WARN_INFINITE_RECURSION = YES;
				CLANG_WARN_INT_CONVERSION = YES;
				CLANG_WARN_NON_LITERAL_NULL_CONVERSION = YES;
				CLANG_WARN_OBJC_IMPLICIT_RETAIN_SELF = YES;
				CLANG_WARN_OBJC_LITERAL_CONVERSION = YES;
				CLANG_WARN_OBJC_ROOT_CLASS = YES_ERROR;
				CLANG_WARN_QUOTED_INCLUDE_IN_FRAMEWORK_HEADER = YES;
				CLANG_WARN_RANGE_LOOP_ANALYSIS = YES;
				CLANG_WARN_STRICT_PROTOTYPES = YES;
				CLANG_WARN_SUSPICIOUS_MOVE = YES;
				CLANG_WARN_UNGUARDED_AVAILABILITY = YES_AGGRESSIVE;
				CLANG_WARN_UNREACHABLE_CODE = YES;
				CLANG_WARN__DUPLICATE_METHOD_MATCH = YES;
				COPY_PHASE_STRIP = NO;
				DEBUG_INFORMATION_FORMAT = "dwarf-with-dsym";
				ENABLE_NS_ASSERTIONS = NO;
				ENABLE_STRICT_OBJC_MSGSEND = YES;
				GCC_C_LANGUAGE_STANDARD = gnu11;
				GCC_NO_COMMON_BLOCKS = YES;
				GCC_WARN_64_TO_32_BIT_CONVERSION = YES;
				GCC_WARN_ABOUT_RETURN_TYPE = YES_ERROR;
				GCC_WARN_UNDECLARED_SELECTOR = YES;
				GCC_WARN_UNINITIALIZED_AUTOS = YES_AGGRESSIVE;
				GCC_WARN_UNUSED_FUNCTION = YES;
				GCC_WARN_UNUSED_VARIABLE = YES;
				IPHONEOS_DEPLOYMENT_TARGET = 15.4;
				MTL_ENABLE_DEBUG_INFO = NO;
				MTL_FAST_MATH = YES;
				SDKROOT = iphoneos;
				SWIFT_COMPILATION_MODE = wholemodule;
				SWIFT_OPTIMIZATION_LEVEL = "-O";
				VALIDATE_PRODUCT = YES;
			};
			name = Release;
		};
		3C1A2DE127E4823E0016B40E /* Debug */ = {
			isa = XCBuildConfiguration;
			buildSettings = {
				ASSETCATALOG_COMPILER_APPICON_NAME = AppIcon;
				ASSETCATALOG_COMPILER_GLOBAL_ACCENT_COLOR_NAME = AccentColor;
				CODE_SIGN_STYLE = Automatic;
				CURRENT_PROJECT_VERSION = 1;
				DEVELOPMENT_TEAM = RQYPG8XK25;
				GENERATE_INFOPLIST_FILE = YES;
				INFOPLIST_FILE = NotionTest/Info.plist;
				INFOPLIST_KEY_UIApplicationSupportsIndirectInputEvents = YES;
				INFOPLIST_KEY_UILaunchStoryboardName = LaunchScreen;
				INFOPLIST_KEY_UIMainStoryboardFile = Main;
				INFOPLIST_KEY_UISupportedInterfaceOrientations_iPad = "UIInterfaceOrientationPortrait UIInterfaceOrientationPortraitUpsideDown UIInterfaceOrientationLandscapeLeft UIInterfaceOrientationLandscapeRight";
				INFOPLIST_KEY_UISupportedInterfaceOrientations_iPhone = "UIInterfaceOrientationPortrait UIInterfaceOrientationLandscapeLeft UIInterfaceOrientationLandscapeRight";
				LD_RUNPATH_SEARCH_PATHS = (
					"$(inherited)",
					"@executable_path/Frameworks",
				);
				MARKETING_VERSION = 1.0;
				PRODUCT_BUNDLE_IDENTIFIER = ckost9n.NotionTest;
				PRODUCT_NAME = "$(TARGET_NAME)";
				SWIFT_EMIT_LOC_STRINGS = YES;
				SWIFT_VERSION = 5.0;
				TARGETED_DEVICE_FAMILY = "1,2";
			};
			name = Debug;
		};
		3C1A2DE227E4823E0016B40E /* Release */ = {
			isa = XCBuildConfiguration;
			buildSettings = {
				ASSETCATALOG_COMPILER_APPICON_NAME = AppIcon;
				ASSETCATALOG_COMPILER_GLOBAL_ACCENT_COLOR_NAME = AccentColor;
				CODE_SIGN_STYLE = Automatic;
				CURRENT_PROJECT_VERSION = 1;
				DEVELOPMENT_TEAM = RQYPG8XK25;
				GENERATE_INFOPLIST_FILE = YES;
				INFOPLIST_FILE = NotionTest/Info.plist;
				INFOPLIST_KEY_UIApplicationSupportsIndirectInputEvents = YES;
				INFOPLIST_KEY_UILaunchStoryboardName = LaunchScreen;
				INFOPLIST_KEY_UIMainStoryboardFile = Main;
				INFOPLIST_KEY_UISupportedInterfaceOrientations_iPad = "UIInterfaceOrientationPortrait UIInterfaceOrientationPortraitUpsideDown UIInterfaceOrientationLandscapeLeft UIInterfaceOrientationLandscapeRight";
				INFOPLIST_KEY_UISupportedInterfaceOrientations_iPhone = "UIInterfaceOrientationPortrait UIInterfaceOrientationLandscapeLeft UIInterfaceOrientationLandscapeRight";
				LD_RUNPATH_SEARCH_PATHS = (
					"$(inherited)",
					"@executable_path/Frameworks",
				);
				MARKETING_VERSION = 1.0;
				PRODUCT_BUNDLE_IDENTIFIER = ckost9n.NotionTest;
				PRODUCT_NAME = "$(TARGET_NAME)";
				SWIFT_EMIT_LOC_STRINGS = YES;
				SWIFT_VERSION = 5.0;
				TARGETED_DEVICE_FAMILY = "1,2";
			};
			name = Release;
		};
/* End XCBuildConfiguration section */

/* Begin XCConfigurationList section */
		3C1A2DC727E482380016B40E /* Build configuration list for PBXProject "NotionTest" */ = {
			isa = XCConfigurationList;
			buildConfigurations = (
				3C1A2DDE27E4823E0016B40E /* Debug */,
				3C1A2DDF27E4823E0016B40E /* Release */,
			);
			defaultConfigurationIsVisible = 0;
			defaultConfigurationName = Release;
		};
		3C1A2DE027E4823E0016B40E /* Build configuration list for PBXNativeTarget "NotionTest" */ = {
			isa = XCConfigurationList;
			buildConfigurations = (
				3C1A2DE127E4823E0016B40E /* Debug */,
				3C1A2DE227E4823E0016B40E /* Release */,
			);
			defaultConfigurationIsVisible = 0;
			defaultConfigurationName = Release;
		};
/* End XCConfigurationList section */

/* Begin XCRemoteSwiftPackageReference section */
		3C1A2DE327E484490016B40E /* XCRemoteSwiftPackageReference "realm-cocoa" */ = {
			isa = XCRemoteSwiftPackageReference;
			repositoryURL = "https://github.com/realm/realm-cocoa.git";
			requirement = {
				branch = master;
				kind = branch;
			};
		};
/* End XCRemoteSwiftPackageReference section */

/* Begin XCSwiftPackageProductDependency section */
		3C1A2DE427E484490016B40E /* Realm */ = {
			isa = XCSwiftPackageProductDependency;
			package = 3C1A2DE327E484490016B40E /* XCRemoteSwiftPackageReference "realm-cocoa" */;
			productName = Realm;
		};
		3C1A2DE627E484490016B40E /* RealmSwift */ = {
			isa = XCSwiftPackageProductDependency;
			package = 3C1A2DE327E484490016B40E /* XCRemoteSwiftPackageReference "realm-cocoa" */;
			productName = RealmSwift;
		};
/* End XCSwiftPackageProductDependency section */
	};
	rootObject = 3C1A2DC427E482380016B40E /* Project object */;
}
